
Microsoft Visual Studio Solution File, Format Version 12.00
# Visual Studio Version 16
VisualStudioVersion = 16.0.31321.278
MinimumVisualStudioVersion = 10.0.40219.1
Project("{FAE04EC0-301F-11D3-BF4B-00C04F79EFBC}") = "TcpClientExample", "TcpClient\TcpClientExample.csproj", "{13AB1B3A-FBAF-48E2-B1DC-7B82ECE3C126}"
EndProject
Project("{FAE04EC0-301F-11D3-BF4B-00C04F79EFBC}") = "TcpReadWrite", "TcpReadWrite\TcpReadWrite.csproj", "{F1707283-7041-412A-9BDB-DE95BC1B1232}"
EndProject
Global
	GlobalSection(SolutionConfigurationPlatforms) = preSolution
		Debug|Any CPU = Debug|Any CPU
		Release|Any CPU = Release|Any CPU
	EndGlobalSection
	GlobalSection(ProjectConfigurationPlatforms) = postSolution
		{13AB1B3A-FBAF-48E2-B1DC-7B82ECE3C126}.Debug|Any CPU.ActiveCfg = Debug|Any CPU
		{13AB1B3A-FBAF-48E2-B1DC-7B82ECE3C126}.Debug|Any CPU.Build.0 = Debug|Any CPU
		{13AB1B3A-FBAF-48E2-B1DC-7B82ECE3C126}.Release|Any CPU.ActiveCfg = Release|Any CPU
		{13AB1B3A-FBAF-48E2-B1DC-7B82ECE3C126}.Release|Any CPU.Build.0 = Release|Any CPU
		{F1707283-7041-412A-9BDB-DE95BC1B1232}.Debug|Any CPU.ActiveCfg = Debug|Any CPU
		{F1707283-7041-412A-9BDB-DE95BC1B1232}.Debug|Any CPU.Build.0 = Debug|Any CPU
		{F1707283-7041-412A-9BDB-DE95BC1B1232}.Release|Any CPU.ActiveCfg = Release|Any CPU
		{F1707283-7041-412A-9BDB-DE95BC1B1232}.Release|Any CPU.Build.0 = Release|Any CPU
	EndGlobalSection
	GlobalSection(SolutionProperties) = preSolution
		HideSolutionNode = FALSE
	EndGlobalSection
	GlobalSection(ExtensibilityGlobals) = postSolution
		SolutionGuid = {B8F6B069-21AE-4E07-9028-5151DC9A49A6}
	EndGlobalSection
EndGlobal
